{
  "originHash" : "50332ce3348e9df07b56958b0969d255fad8020066430ec9bca8fca5d1da71ee",
  "pins" : [
    {
      "identity" : "youtubekit",
      "kind" : "remoteSourceControl",
      "location" : "https://github.com/alexeichhorn/YouTubeKit",
      "state" : {
        "revision" : "65be95dbb1dbd749499e0638871568c823822276",
        "version" : "0.4.8"
      }
    }
  ],
  "version" : 3
}
